// !$*UTF8*$!
{
	archiveVersion = 1;
	classes = {
	};
	objectVersion = 46;
	objects = {

/* Begin PBXBuildFile section */
		FAB5B9B51E08E839001B6311 /* AppDelegate.swift in Sources */ = {isa = PBXBuildFile; fileRef = FAB5B9B41E08E839001B6311 /* AppDelegate.swift */; };
		FAB5B9B71E08E839001B6311 /* ViewController.swift in Sources */ = {isa = PBXBuildFile; fileRef = FAB5B9B61E08E839001B6311 /* ViewController.swift */; };
		FAB5B9BA1E08E839001B6311 /* Main.storyboard in Resources */ = {isa = PBXBuildFile; fileRef = FAB5B9B81E08E839001B6311 /* Main.storyboard */; };
		FAB5B9BC1E08E839001B6311 /* Assets.xcassets in Resources */ = {isa = PBXBuildFile; fileRef = FAB5B9BB1E08E839001B6311 /* Assets.xcassets */; };
		FAB5B9BF1E08E839001B6311 /* LaunchScreen.storyboard in Resources */ = {isa = PBXBuildFile; fileRef = FAB5B9BD1E08E839001B6311 /* LaunchScreen.storyboard */; };
		FAB5B9C71E08E846001B6311 /* CustomView.xib in Resources */ = {isa = PBXBuildFile; fileRef = FAB5B9C61E08E846001B6311 /* CustomView.xib */; };
/* End PBXBuildFile section */

/* Begin PBXFileReference section */
		FAB5B9B11E08E839001B6311 /* Presenting Custom Views.app */ = {isa = PBXFileReference; explicitFileType = wrapper.application; includeInIndex = 0; path = "Presenting Custom Views.app"; sourceTree = BUILT_PRODUCTS_DIR; };
		FAB5B9B41E08E839001B6311 /* AppDelegate.swift */ = {isa = PBXFileReference; lastKnownFileType = sourcecode.swift; path = AppDelegate.swift; sourceTree = "<group>"; };
		FAB5B9B61E08E839001B6311 /* ViewController.swift */ = {isa = PBXFileReference; lastKnownFileType = sourcecode.swift; path = ViewController.swift; sourceTree = "<group>"; };
		FAB5B9B91E08E839001B6311 /* Base */ = {isa = PBXFileReference; lastKnownFileType = file.storyboard; name = Base; path = Base.lproj/Main.storyboard; sourceTree = "<group>"; };
		FAB5B9BB1E08E839001B6311 /* Assets.xcassets */ = {isa = PBXFileReference; lastKnownFileType = folder.assetcatalog; path = Assets.xcassets; sourceTree = "<group>"; };
		FAB5B9BE1E08E839001B6311 /* Base */ = {isa = PBXFileReference; lastKnownFileType = file.storyboard; name = Base; path = Base.lproj/LaunchScreen.storyboard; sourceTree = "<group>"; };
		FAB5B9C01E08E839001B6311 /* Info.plist */ = {isa = PBXFileReference; lastKnownFileType = text.plist.xml; path = Info.plist; sourceTree = "<group>"; };
		FAB5B9C61E08E846001B6311 /* CustomView.xib */ = {isa = PBXFileReference; fileEncoding = 4; lastKnownFileType = file.xib; path = CustomView.xib; sourceTree = "<group>"; };
/* End PBXFileReference section */

/* Begin PBXFrameworksBuildPhase section */
		FAB5B9AE1E08E839001B6311 /* Frameworks */ = {
			isa = PBXFrameworksBuildPhase;
			buildActionMask = 2147483647;
			files = (
			);
			runOnlyForDeploymentPostprocessing = 0;
		};
/* End PBXFrameworksBuildPhase section */

/* Begin PBXGroup section */
		FAB5B9A81E08E839001B6311 = {
			isa = PBXGroup;
			children = (
				FAB5B9C61E08E846001B6311 /* CustomView.xib */,
				FAB5B9B31E08E839001B6311 /* Presenting Custom Views */,
				FAB5B9B21E08E839001B6311 /* Products */,
			);
			sourceTree = "<group>";
		};
		FAB5B9B21E08E839001B6311 /* Products */ = {
			isa = PBXGroup;
			children = (
				FAB5B9B11E08E839001B6311 /* Presenting Custom Views.app */,
			);
			name = Products;
			sourceTree = "<group>";
		};
		FAB5B9B31E08E839001B6311 /* Presenting Custom Views */ = {
			isa = PBXGroup;
			children = (
				FAB5B9B41E08E839001B6311 /* AppDelegate.swift */,
				FAB5B9B61E08E839001B6311 /* ViewController.swift */,
				FAB5B9B81E08E839001B6311 /* Main.storyboard */,
				FAB5B9BB1E08E839001B6311 /* Assets.xcassets */,
				FAB5B9BD1E08E839001B6311 /* LaunchScreen.storyboard */,
				FAB5B9C01E08E839001B6311 /* Info.plist */,
			);
			path = "Presenting Custom Views";
			sourceTree = "<group>";
		};
/* End PBXGroup section */

/* Begin PBXNativeTarget section */
		FAB5B9B01E08E839001B6311 /* Presenting Custom Views */ = {
			isa = PBXNativeTarget;
			buildConfigurationList = FAB5B9C31E08E839001B6311 /* Build configuration list for PBXNativeTarget "Presenting Custom Views" */;
			buildPhases = (
				FAB5B9AD1E08E839001B6311 /* Sources */,
				FAB5B9AE1E08E839001B6311 /* Frameworks */,
				FAB5B9AF1E08E839001B6311 /* Resources */,
			);
			buildRules = (
			);
			dependencies = (
			);
			name = "Presenting Custom Views";
			productName = "Presenting Custom Views";
			productReference = FAB5B9B11E08E839001B6311 /* Presenting Custom Views.app */;
			productType = "com.apple.product-type.application";
		};
/* End PBXNativeTarget section */

/* Begin PBXProject section */
		FAB5B9A91E08E839001B6311 /* Project object */ = {
			isa = PBXProject;
			attributes = {
				LastSwiftUpdateCheck = 0820;
				LastUpgradeCheck = 0820;
				ORGANIZATIONNAME = "Alex Reichle";
				TargetAttributes = {
					FAB5B9B01E08E839001B6311 = {
						CreatedOnToolsVersion = 8.2.1;
						DevelopmentTeam = F4MB4MNH33;
						ProvisioningStyle = Automatic;
					};
				};
			};
			buildConfigurationList = FAB5B9AC1E08E839001B6311 /* Build configuration list for PBXProject "Presenting Custom Views" */;
			compatibilityVersion = "Xcode 3.2";
			developmentRegion = English;
			hasScannedForEncodings = 0;
			knownRegions = (
				en,
				Base,
			);
			mainGroup = FAB5B9A81E08E839001B6311;
			productRefGroup = FAB5B9B21E08E839001B6311 /* Products */;
			projectDirPath = "";
			projectRoot = "";
			targets = (
				FAB5B9B01E08E839001B6311 /* Presenting Custom Views */,
			);
		};
/* End PBXProject section */

/* Begin PBXResourcesBuildPhase section */
		FAB5B9AF1E08E839001B6311 /* Resources */ = {
			isa = PBXResourcesBuildPhase;
			buildActionMask = 2147483647;
			files = (
				FAB5B9BF1E08E839001B6311 /* LaunchScreen.storyboard in Resources */,
				FAB5B9C71E08E846001B6311 /* CustomView.xib in Resources */,
				FAB5B9BC1E08E839001B6311 /* Assets.xcassets in Resources */,
				FAB5B9BA1E08E839001B6311 /* Main.storyboard in Resources */,
			);
			runOnlyForDeploymentPostprocessing = 0;
		};
/* End PBXResourcesBuildPhase section */

/* Begin PBXSourcesBuildPhase section */
		FAB5B9AD1E08E839001B6311 /* Sources */ = {
			isa = PBXSourcesBuildPhase;
			buildActionMask = 2147483647;
			files = (
				FAB5B9B71E08E839001B6311 /* ViewController.swift in Sources */,
				FAB5B9B51E08E839001B6311 /* AppDelegate.swift in Sources */,
			);
			runOnlyForDeploymentPostprocessing = 0;
		};
/* End PBXSourcesBuildPhase section */

/* Begin PBXVariantGroup section */
		FAB5B9B81E08E839001B6311 /* Main.storyboard */ = {
			isa = PBXVariantGroup;
			children = (
				FAB5B9B91E08E839001B6311 /* Base */,
			);
			name = Main.storyboard;
			sourceTree = "<group>";
		};
		FAB5B9BD1E08E839001B6311 /* LaunchScreen.storyboard */ = {
			isa = PBXVariantGroup;
			children = (
				FAB5B9BE1E08E839001B6311 /* Base */,
			);
			name = LaunchScreen.storyboard;
			sourceTree = "<group>";
		};
/* End PBXVariantGroup section */

/* Begin XCBuildConfiguration section */
		FAB5B9C11E08E839001B6311 /* Debug */ = {
			isa = XCBuildConfiguration;
			buildSettings = {
				ALWAYS_SEARCH_USER_PATHS = NO;
				CLANG_ANALYZER_NONNULL = YES;
				CLANG_CXX_LANGUAGE_STANDARD = "gnu++0x";
				CLANG_CXX_LIBRARY = "libc++";
				CLANG_ENABLE_MODULES = YES;
				CLANG_ENABLE_OBJC_ARC = YES;
				CLANG_WARN_BOOL_CONVERSION = YES;
				CLANG_WARN_CONSTANT_CONVERSION = YES;
				CLANG_WARN_DIRECT_OBJC_ISA_USAGE = YES_ERROR;
				CLANG_WARN_DOCUMENTATION_COMMENTS = YES;
				CLANG_WARN_EMPTY_BODY = YES;
				CLANG_WARN_ENUM_CONVERSION = YES;
				CLANG_WARN_INFINITE_RECURSION = YES;
				CLANG_WARN_INT_CONVERSION = YES;
				CLANG_WARN_OBJC_ROOT_CLASS = YES_ERROR;
				CLANG_WARN_SUSPICIOUS_MOVE = YES;
				CLANG_WARN_UNREACHABLE_CODE = YES;
				CLANG_WARN__DUPLICATE_METHOD_MATCH = YES;
				"CODE_SIGN_IDENTITY[sdk=iphoneos*]" = "iPhone Developer";
				COPY_PHASE_STRIP = NO;
				DEBUG_INFORMATION_FORMAT = dwarf;
				ENABLE_STRICT_OBJC_MSGSEND = YES;
				ENABLE_TESTABILITY = YES;
				GCC_C_LANGUAGE_STANDARD = gnu99;
				GCC_DYNAMIC_NO_PIC = NO;
				GCC_NO_COMMON_BLOCKS = YES;
				GCC_OPTIMIZATION_LEVEL = 0;
				GCC_PREPROCESSOR_DEFINITIONS = (
					"DEBUG=1",
					"$(inherited)",
				);
				GCC_WARN_64_TO_32_BIT_CONVERSION = YES;
				GCC_WARN_ABOUT_RETURN_TYPE = YES_ERROR;
				GCC_WARN_UNDECLARED_SELECTOR = YES;
				GCC_WARN_UNINITIALIZED_AUTOS = YES_AGGRESSIVE;
				GCC_WARN_UNUSED_FUNCTION = YES;
				GCC_WARN_UNUSED_VARIABLE = YES;
				IPHONEOS_DEPLOYMENT_TARGET = 10.2;
				MTL_ENABLE_DEBUG_INFO = YES;
				ONLY_ACTIVE_ARCH = YES;
				SDKROOT = iphoneos;
				SWIFT_ACTIVE_COMPILATION_CONDITIONS = DEBUG;
				SWIFT_OPTIMIZATION_LEVEL = "-Onone";
				TARGETED_DEVICE_FAMILY = 2;
			};
			name = Debug;
		};
		FAB5B9C21E08E839001B6311 /* Release */ = {
			isa = XCBuildConfiguration;
			buildSettings = {
				ALWAYS_SEARCH_USER_PATHS = NO;
				CLANG_ANALYZER_NONNULL = YES;
				CLANG_CXX_LANGUAGE_STANDARD = "gnu++0x";
				CLANG_CXX_LIBRARY = "libc++";
				CLANG_ENABLE_MODULES = YES;
				CLANG_ENABLE_OBJC_ARC = YES;
				CLANG_WARN_BOOL_CONVERSION = YES;
				CLANG_WARN_CONSTANT_CONVERSION = YES;
				CLANG_WARN_DIRECT_OBJC_ISA_USAGE = YES_ERROR;
				CLANG_WARN_DOCUMENTATION_COMMENTS = YES;
				CLANG_WARN_EMPTY_BODY = YES;
				CLANG_WARN_ENUM_CONVERSION = YES;
				CLANG_WARN_INFINITE_RECURSION = YES;
				CLANG_WARN_INT_CONVERSION = YES;
				CLANG_WARN_OBJC_ROOT_CLASS = YES_ERROR;
				CLANG_WARN_SUSPICIOUS_MOVE = YES;
				CLANG_WARN_UNREACHABLE_CODE = YES;
				CLANG_WARN__DUPLICATE_METHOD_MATCH = YES;
				"CODE_SIGN_IDENTITY[sdk=iphoneos*]" = "iPhone Developer";
				COPY_PHASE_STRIP = NO;
				DEBUG_INFORMATION_FORMAT = "dwarf-with-dsym";
				ENABLE_NS_ASSERTIONS = NO;
				ENABLE_STRICT_OBJC_MSGSEND = YES;
				GCC_C_LANGUAGE_STANDARD = gnu99;
				GCC_NO_COMMON_BLOCKS = YES;
				GCC_WARN_64_TO_32_BIT_CONVERSION = YES;
				GCC_WARN_ABOUT_RETURN_TYPE = YES_ERROR;
				GCC_WARN_UNDECLARED_SELECTOR = YES;
				GCC_WARN_UNINITIALIZED_AUTOS = YES_AGGRESSIVE;
				GCC_WARN_UNUSED_FUNCTION = YES;
				GCC_WARN_UNUSED_VARIABLE = YES;
				IPHONEOS_DEPLOYMENT_TARGET = 10.2;
				MTL_ENABLE_DEBUG_INFO = NO;
				SDKROOT = iphoneos;
				SWIFT_OPTIMIZATION_LEVEL = "-Owholemodule";
				TARGETED_DEVICE_FAMILY = 2;
				VALIDATE_PRODUCT = YES;
			};
			name = Release;
		};
		FAB5B9C41E08E839001B6311 /* Debug */ = {
			isa = XCBuildConfiguration;
			buildSettings = {
				ASSETCATALOG_COMPILER_APPICON_NAME = AppIcon;
				DEVELOPMENT_TEAM = F4MB4MNH33;
				INFOPLIST_FILE = "Presenting Custom Views/Info.plist";
				LD_RUNPATH_SEARCH_PATHS = "$(inherited) @executable_path/Frameworks";
				PRODUCT_BUNDLE_IDENTIFIER = "alexreichle.Presenting-Custom-Views";
				PRODUCT_NAME = "$(TARGET_NAME)";
				SWIFT_VERSION = 3.0;
			};
			name = Debug;
		};
		FAB5B9C51E08E839001B6311 /* Release */ = {
			isa = XCBuildConfiguration;
			buildSettings = {
				ASSETCATALOG_COMPILER_APPICON_NAME = AppIcon;
				DEVELOPMENT_TEAM = F4MB4MNH33;
				INFOPLIST_FILE = "Presenting Custom Views/Info.plist";
				LD_RUNPATH_SEARCH_PATHS = "$(inherited) @executable_path/Frameworks";
				PRODUCT_BUNDLE_IDENTIFIER = "alexreichle.Presenting-Custom-Views";
				PRODUCT_NAME = "$(TARGET_NAME)";
				SWIFT_VERSION = 3.0;
			};
			name = Release;
		};
/* End XCBuildConfiguration section */

/* Begin XCConfigurationList section */
		FAB5B9AC1E08E839001B6311 /* Build configuration list for PBXProject "Presenting Custom Views" */ = {
			isa = XCConfigurationList;
			buildConfigurations = (
				FAB5B9C11E08E839001B6311 /* Debug */,
				FAB5B9C21E08E839001B6311 /* Release */,
			);
			defaultConfigurationIsVisible = 0;
			defaultConfigurationName = Release;
		};
		FAB5B9C31E08E839001B6311 /* Build configuration list for PBXNativeTarget "Presenting Custom Views" */ = {
			isa = XCConfigurationList;
			buildConfigurations = (
				FAB5B9C41E08E839001B6311 /* Debug */,
				FAB5B9C51E08E839001B6311 /* Release */,
			);
			defaultConfigurationIsVisible = 0;
		};
/* End XCConfigurationList section */
	};
	rootObject = FAB5B9A91E08E839001B6311 /* Project object */;
}
